
Microsoft Visual Studio Solution File, Format Version 12.00
Project("{FAE04EC0-301F-11D3-BF4B-00C04F79EFBC}") = "TaskManagementApi", "TaskManagementApi\TaskManagementApi.csproj", "{A407E572-9B00-4652-927C-F417E28B6BBE}"
EndProject
Project("{FAE04EC0-301F-11D3-BF4B-00C04F79EFBC}") = "TaskManagementApi.Data", "TaskManagementApi.Data\TaskManagementApi.Data.csproj", "{1C98F086-E9C1-4FC1-B4AA-CCE0E7185668}"
EndProject
Project("{FAE04EC0-301F-11D3-BF4B-00C04F79EFBC}") = "TaskManagementApi.UnitTests", "TaskManagementApi.UnitTests\TaskManagementApi.UnitTests.csproj", "{D88902C1-9EE9-4B7B-98FF-6F68A6A023B2}"
EndProject
Global
	GlobalSection(SolutionConfigurationPlatforms) = preSolution
		Debug|Any CPU = Debug|Any CPU
		Release|Any CPU = Release|Any CPU
	EndGlobalSection
	GlobalSection(ProjectConfigurationPlatforms) = postSolution
		{A407E572-9B00-4652-927C-F417E28B6BBE}.Debug|Any CPU.ActiveCfg = Debug|Any CPU
		{A407E572-9B00-4652-927C-F417E28B6BBE}.Debug|Any CPU.Build.0 = Debug|Any CPU
		{A407E572-9B00-4652-927C-F417E28B6BBE}.Release|Any CPU.ActiveCfg = Release|Any CPU
		{A407E572-9B00-4652-927C-F417E28B6BBE}.Release|Any CPU.Build.0 = Release|Any CPU
		{1C98F086-E9C1-4FC1-B4AA-CCE0E7185668}.Debug|Any CPU.ActiveCfg = Debug|Any CPU
		{1C98F086-E9C1-4FC1-B4AA-CCE0E7185668}.Debug|Any CPU.Build.0 = Debug|Any CPU
		{1C98F086-E9C1-4FC1-B4AA-CCE0E7185668}.Release|Any CPU.ActiveCfg = Release|Any CPU
		{1C98F086-E9C1-4FC1-B4AA-CCE0E7185668}.Release|Any CPU.Build.0 = Release|Any CPU
		{D88902C1-9EE9-4B7B-98FF-6F68A6A023B2}.Debug|Any CPU.ActiveCfg = Debug|Any CPU
		{D88902C1-9EE9-4B7B-98FF-6F68A6A023B2}.Debug|Any CPU.Build.0 = Debug|Any CPU
		{D88902C1-9EE9-4B7B-98FF-6F68A6A023B2}.Release|Any CPU.ActiveCfg = Release|Any CPU
		{D88902C1-9EE9-4B7B-98FF-6F68A6A023B2}.Release|Any CPU.Build.0 = Release|Any CPU
	EndGlobalSection
EndGlobal
